
Microsoft Visual Studio Solution File, Format Version 12.00
# Visual Studio Version 16
VisualStudioVersion = 16.0.32228.343
MinimumVisualStudioVersion = 10.0.40219.1
Project("{2150E333-8FDC-42A3-9474-1A3956D46DE8}") = "C++", "C++", "{8CE42808-17A6-4AE5-B490-42625C58D895}"
EndProject
Project("{2150E333-8FDC-42A3-9474-1A3956D46DE8}") = "WIN32", "WIN32", "{365AA638-42CA-4C24-821A-D9E2FA92FBFC}"
EndProject
Project("{8BC9CEB8-8B4A-11D0-8D11-00A0C91BC942}") = "0_Concept", "0_C++\0_Concept\0_Concept.vcxproj", "{F71C855A-657E-4333-9A05-31BC28367DA3}"
EndProject
Project("{8BC9CEB8-8B4A-11D0-8D11-00A0C91BC942}") = "1_Algorithm", "0_C++\1_Algorithm\1_Algorithm.vcxproj", "{675AE674-0B36-4BCE-96DD-839B769283F6}"
EndProject
Project("{8BC9CEB8-8B4A-11D0-8D11-00A0C91BC942}") = "2_STL", "0_C++\2_STL\2_STL.vcxproj", "{89F98B5A-0A33-4D6E-9044-FA074E36C9DA}"
EndProject
Project("{8BC9CEB8-8B4A-11D0-8D11-00A0C91BC942}") = "9_modoo", "0_C++\9_modoo\9_modoo.vcxproj", "{5239B9B3-76EA-49E2-BE6F-899EB9AAD3CC}"
EndProject
Project("{8BC9CEB8-8B4A-11D0-8D11-00A0C91BC942}") = "99_Utility", "0_C++\99_Utility\99_Utility.vcxproj", "{F804ACBC-8FFE-46EC-999D-8673C57A5DF1}"
EndProject
Project("{8BC9CEB8-8B4A-11D0-8D11-00A0C91BC942}") = "Win32_MyFirstProject", "1_WIN32\Win32_MyFirstProject\Win32_MyFirstProject.vcxproj", "{CA2B8F7E-58C4-4E1B-9929-EDA65F0CFD95}"
EndProject
Global
	GlobalSection(SolutionConfigurationPlatforms) = preSolution
		Debug|x64 = Debug|x64
		Debug|x86 = Debug|x86
		Release|x64 = Release|x64
		Release|x86 = Release|x86
	EndGlobalSection
	GlobalSection(ProjectConfigurationPlatforms) = postSolution
		{F71C855A-657E-4333-9A05-31BC28367DA3}.Debug|x64.ActiveCfg = Debug|x64
		{F71C855A-657E-4333-9A05-31BC28367DA3}.Debug|x64.Build.0 = Debug|x64
		{F71C855A-657E-4333-9A05-31BC28367DA3}.Debug|x86.ActiveCfg = Debug|Win32
		{F71C855A-657E-4333-9A05-31BC28367DA3}.Debug|x86.Build.0 = Debug|Win32
		{F71C855A-657E-4333-9A05-31BC28367DA3}.Release|x64.ActiveCfg = Release|x64
		{F71C855A-657E-4333-9A05-31BC28367DA3}.Release|x64.Build.0 = Release|x64
		{F71C855A-657E-4333-9A05-31BC28367DA3}.Release|x86.ActiveCfg = Release|Win32
		{F71C855A-657E-4333-9A05-31BC28367DA3}.Release|x86.Build.0 = Release|Win32
		{675AE674-0B36-4BCE-96DD-839B769283F6}.Debug|x64.ActiveCfg = Debug|x64
		{675AE674-0B36-4BCE-96DD-839B769283F6}.Debug|x64.Build.0 = Debug|x64
		{675AE674-0B36-4BCE-96DD-839B769283F6}.Debug|x86.ActiveCfg = Debug|Win32
		{675AE674-0B36-4BCE-96DD-839B769283F6}.Debug|x86.Build.0 = Debug|Win32
		{675AE674-0B36-4BCE-96DD-839B769283F6}.Release|x64.ActiveCfg = Release|x64
		{675AE674-0B36-4BCE-96DD-839B769283F6}.Release|x64.Build.0 = Release|x64
		{675AE674-0B36-4BCE-96DD-839B769283F6}.Release|x86.ActiveCfg = Release|Win32
		{675AE674-0B36-4BCE-96DD-839B769283F6}.Release|x86.Build.0 = Release|Win32
		{89F98B5A-0A33-4D6E-9044-FA074E36C9DA}.Debug|x64.ActiveCfg = Debug|x64
		{89F98B5A-0A33-4D6E-9044-FA074E36C9DA}.Debug|x64.Build.0 = Debug|x64
		{89F98B5A-0A33-4D6E-9044-FA074E36C9DA}.Debug|x86.ActiveCfg = Debug|Win32
		{89F98B5A-0A33-4D6E-9044-FA074E36C9DA}.Debug|x86.Build.0 = Debug|Win32
		{89F98B5A-0A33-4D6E-9044-FA074E36C9DA}.Release|x64.ActiveCfg = Release|x64
		{89F98B5A-0A33-4D6E-9044-FA074E36C9DA}.Release|x64.Build.0 = Release|x64
		{89F98B5A-0A33-4D6E-9044-FA074E36C9DA}.Release|x86.ActiveCfg = Release|Win32
		{89F98B5A-0A33-4D6E-9044-FA074E36C9DA}.Release|x86.Build.0 = Release|Win32
		{5239B9B3-76EA-49E2-BE6F-899EB9AAD3CC}.Debug|x64.ActiveCfg = Debug|x64
		{5239B9B3-76EA-49E2-BE6F-899EB9AAD3CC}.Debug|x64.Build.0 = Debug|x64
		{5239B9B3-76EA-49E2-BE6F-899EB9AAD3CC}.Debug|x86.ActiveCfg = Debug|Win32
		{5239B9B3-76EA-49E2-BE6F-899EB9AAD3CC}.Debug|x86.Build.0 = Debug|Win32
		{5239B9B3-76EA-49E2-BE6F-899EB9AAD3CC}.Release|x64.ActiveCfg = Release|x64
		{5239B9B3-76EA-49E2-BE6F-899EB9AAD3CC}.Release|x64.Build.0 = Release|x64
		{5239B9B3-76EA-49E2-BE6F-899EB9AAD3CC}.Release|x86.ActiveCfg = Release|Win32
		{5239B9B3-76EA-49E2-BE6F-899EB9AAD3CC}.Release|x86.Build.0 = Release|Win32
		{F804ACBC-8FFE-46EC-999D-8673C57A5DF1}.Debug|x64.ActiveCfg = Debug|x64
		{F804ACBC-8FFE-46EC-999D-8673C57A5DF1}.Debug|x64.Build.0 = Debug|x64
		{F804ACBC-8FFE-46EC-999D-8673C57A5DF1}.Debug|x86.ActiveCfg = Debug|Win32
		{F804ACBC-8FFE-46EC-999D-8673C57A5DF1}.Debug|x86.Build.0 = Debug|Win32
		{F804ACBC-8FFE-46EC-999D-8673C57A5DF1}.Release|x64.ActiveCfg = Release|x64
		{F804ACBC-8FFE-46EC-999D-8673C57A5DF1}.Release|x64.Build.0 = Release|x64
		{F804ACBC-8FFE-46EC-999D-8673C57A5DF1}.Release|x86.ActiveCfg = Release|Win32
		{F804ACBC-8FFE-46EC-999D-8673C57A5DF1}.Release|x86.Build.0 = Release|Win32
		{CA2B8F7E-58C4-4E1B-9929-EDA65F0CFD95}.Debug|x64.ActiveCfg = Debug|x64
		{CA2B8F7E-58C4-4E1B-9929-EDA65F0CFD95}.Debug|x64.Build.0 = Debug|x64
		{CA2B8F7E-58C4-4E1B-9929-EDA65F0CFD95}.Debug|x86.ActiveCfg = Debug|Win32
		{CA2B8F7E-58C4-4E1B-9929-EDA65F0CFD95}.Debug|x86.Build.0 = Debug|Win32
		{CA2B8F7E-58C4-4E1B-9929-EDA65F0CFD95}.Release|x64.ActiveCfg = Release|x64
		{CA2B8F7E-58C4-4E1B-9929-EDA65F0CFD95}.Release|x64.Build.0 = Release|x64
		{CA2B8F7E-58C4-4E1B-9929-EDA65F0CFD95}.Release|x86.ActiveCfg = Release|Win32
		{CA2B8F7E-58C4-4E1B-9929-EDA65F0CFD95}.Release|x86.Build.0 = Release|Win32
	EndGlobalSection
	GlobalSection(SolutionProperties) = preSolution
		HideSolutionNode = FALSE
	EndGlobalSection
	GlobalSection(NestedProjects) = preSolution
		{F71C855A-657E-4333-9A05-31BC28367DA3} = {8CE42808-17A6-4AE5-B490-42625C58D895}
		{675AE674-0B36-4BCE-96DD-839B769283F6} = {8CE42808-17A6-4AE5-B490-42625C58D895}
		{89F98B5A-0A33-4D6E-9044-FA074E36C9DA} = {8CE42808-17A6-4AE5-B490-42625C58D895}
		{5239B9B3-76EA-49E2-BE6F-899EB9AAD3CC} = {8CE42808-17A6-4AE5-B490-42625C58D895}
		{F804ACBC-8FFE-46EC-999D-8673C57A5DF1} = {8CE42808-17A6-4AE5-B490-42625C58D895}
		{CA2B8F7E-58C4-4E1B-9929-EDA65F0CFD95} = {365AA638-42CA-4C24-821A-D9E2FA92FBFC}
	EndGlobalSection
	GlobalSection(ExtensibilityGlobals) = postSolution
		SolutionGuid = {5D3518BF-E8FE-4755-AC65-F8D7163E6DA0}
	EndGlobalSection
EndGlobal
