<?xml version="1.0" encoding="utf-8"?>
<Project ToolsVersion="4.0" xmlns="http://schemas.microsoft.com/developer/msbuild/2003">
  <ItemGroup>
    <Filter Include="소스 파일">
      <UniqueIdentifier>{4FC737F1-C7A5-4376-A066-2A32D752A2FF}</UniqueIdentifier>
      <Extensions>cpp;c;cc;cxx;c++;cppm;ixx;def;odl;idl;hpj;bat;asm;asmx</Extensions>
    </Filter>
    <Filter Include="헤더 파일">
      <UniqueIdentifier>{93995380-89BD-4b04-88EB-625FBE52EBFB}</UniqueIdentifier>
      <Extensions>h;hh;hpp;hxx;h++;hm;inl;inc;ipp;xsd</Extensions>
    </Filter>
    <Filter Include="리소스 파일">
      <UniqueIdentifier>{67DA6AB6-F800-4c08-8B7A-83BB121AAD01}</UniqueIdentifier>
      <Extensions>rc;ico;cur;bmp;dlg;rc2;rct;bin;rgs;gif;jpg;jpeg;jpe;resx;tiff;tif;png;wav;mfcribbon-ms</Extensions>
    </Filter>
  </ItemGroup>
  <ItemGroup>
    <ClCompile Include="__study_origin\B0_1922_네트워크 연결.cpp">
      <Filter>소스 파일</Filter>
    </ClCompile>
    <ClCompile Include="__study_origin\B1_9093.cpp">
      <Filter>소스 파일</Filter>
    </ClCompile>
    <ClCompile Include="__study_origin\B1_10828.cpp">
      <Filter>소스 파일</Filter>
    </ClCompile>
    <ClCompile Include="__study_origin\B2_1874.cpp">
      <Filter>소스 파일</Filter>
    </ClCompile>
    <ClCompile Include="__study_origin\B2_9012.cpp">
      <Filter>소스 파일</Filter>
    </ClCompile>
    <ClCompile Include="__study_origin\B3_1406_에디터.cpp">
      <Filter>소스 파일</Filter>
    </ClCompile>
    <ClCompile Include="__study_origin\B3_10845_큐.cpp">
      <Filter>소스 파일</Filter>
    </ClCompile>
    <ClCompile Include="__study_origin\B4_1158요세푸스.cpp">
      <Filter>소스 파일</Filter>
    </ClCompile>
    <ClCompile Include="__study_origin\B4_10866덱.cpp">
      <Filter>소스 파일</Filter>
    </ClCompile>
    <ClCompile Include="__study_origin\B5_10799_쇠막대기.cpp">
      <Filter>소스 파일</Filter>
    </ClCompile>
    <ClCompile Include="__study_origin\B5_17413_단어뒤집기2.cpp">
      <Filter>소스 파일</Filter>
    </ClCompile>
    <ClCompile Include="__study_origin\B6_17298_오큰수.cpp">
      <Filter>소스 파일</Filter>
    </ClCompile>
    <ClCompile Include="__study_origin\B6_17299_오등큰수.cpp">
      <Filter>소스 파일</Filter>
    </ClCompile>
    <ClCompile Include="__study_origin\B7_1918_후위표기식.cpp">
      <Filter>소스 파일</Filter>
    </ClCompile>
    <ClCompile Include="__study_origin\B7_1935_후위표기식2.cpp">
      <Filter>소스 파일</Filter>
    </ClCompile>
    <ClCompile Include="__study_origin\B8_10808_알파벳개수.cpp">
      <Filter>소스 파일</Filter>
    </ClCompile>
    <ClCompile Include="__study_origin\B8_10809_알파벳찾기.cpp">
      <Filter>소스 파일</Filter>
    </ClCompile>
    <ClCompile Include="__study_origin\B9_2743_단어길이재기.cpp">
      <Filter>소스 파일</Filter>
    </ClCompile>
    <ClCompile Include="__study_origin\B9_10820_문자열분석.cpp">
      <Filter>소스 파일</Filter>
    </ClCompile>
    <ClCompile Include="__study_origin\B10_10824_네수.cpp">
      <Filter>소스 파일</Filter>
    </ClCompile>
    <ClCompile Include="__study_origin\B10_11655_ROT13.cpp">
      <Filter>소스 파일</Filter>
    </ClCompile>
    <ClCompile Include="__study_origin\B11_10430_나머지.cpp">
      <Filter>소스 파일</Filter>
    </ClCompile>
    <ClCompile Include="__study_origin\B11_11656_접미사배열.cpp">
      <Filter>소스 파일</Filter>
    </ClCompile>
    <ClCompile Include="__study_origin\B12_1934_최소공배수.cpp">
      <Filter>소스 파일</Filter>
    </ClCompile>
    <ClCompile Include="__study_origin\B12_2609_최대공약수와최소공배수.cpp">
      <Filter>소스 파일</Filter>
    </ClCompile>
    <ClCompile Include="__study_origin\P1_완주하지못한선수.cpp">
      <Filter>소스 파일</Filter>
    </ClCompile>
    <ClCompile Include="__study_origin\P1_전화번호목록.cpp">
      <Filter>소스 파일</Filter>
    </ClCompile>
    <ClCompile Include="__study_origin\P2_베스트앨범.cpp">
      <Filter>소스 파일</Filter>
    </ClCompile>
    <ClCompile Include="__study_origin\P2_위장.cpp">
      <Filter>소스 파일</Filter>
    </ClCompile>
    <ClCompile Include="__study_origin\P3_기능개발.cpp">
      <Filter>소스 파일</Filter>
    </ClCompile>
    <ClCompile Include="__study_origin\P3_프린터.cpp">
      <Filter>소스 파일</Filter>
    </ClCompile>
    <ClCompile Include="__study_origin\P4_다리를지나는트럭.cpp">
      <Filter>소스 파일</Filter>
    </ClCompile>
    <ClCompile Include="__study_origin\P4_주식가격.cpp">
      <Filter>소스 파일</Filter>
    </ClCompile>
    <ClCompile Include="__study_origin\P5_더맵게.cpp">
      <Filter>소스 파일</Filter>
    </ClCompile>
    <ClCompile Include="__study_origin\P5_디스크컨트롤러.cpp">
      <Filter>소스 파일</Filter>
    </ClCompile>
    <ClCompile Include="__study_origin\P6_K번째수.cpp">
      <Filter>소스 파일</Filter>
    </ClCompile>
    <ClCompile Include="__study_origin\P6_이중우선순위큐.cpp">
      <Filter>소스 파일</Filter>
    </ClCompile>
    <ClCompile Include="__study_origin\P7_H-INDEX.cpp">
      <Filter>소스 파일</Filter>
    </ClCompile>
    <ClCompile Include="__study_origin\P7_가장큰수.cpp">
      <Filter>소스 파일</Filter>
    </ClCompile>
    <ClCompile Include="__study_origin\P8_모의고사.cpp">
      <Filter>소스 파일</Filter>
    </ClCompile>
    <ClCompile Include="__study_origin\P8_소수찾기.cpp">
      <Filter>소스 파일</Filter>
    </ClCompile>
    <ClCompile Include="__study_origin\P9_체육복.cpp">
      <Filter>소스 파일</Filter>
    </ClCompile>
    <ClCompile Include="__study_origin\P9_카펫.cpp">
      <Filter>소스 파일</Filter>
    </ClCompile>
    <ClCompile Include="__study_origin\P10_조이스틱.cpp">
      <Filter>소스 파일</Filter>
    </ClCompile>
    <ClCompile Include="__study_origin\P10_큰수만들기.cpp">
      <Filter>소스 파일</Filter>
    </ClCompile>
    <ClCompile Include="__study_origin\P11_구명보트.cpp">
      <Filter>소스 파일</Filter>
    </ClCompile>
    <ClCompile Include="__study_origin\P11_섬연결하기.cpp">
      <Filter>소스 파일</Filter>
    </ClCompile>
    <ClCompile Include="__study_origin\P12_N으로표현.cpp">
      <Filter>소스 파일</Filter>
    </ClCompile>
    <ClCompile Include="__study_origin\P12_단속카메라.cpp">
      <Filter>소스 파일</Filter>
    </ClCompile>
    <ClCompile Include="Programmers_School\1_1_완주하지못한선수.cpp">
      <Filter>소스 파일</Filter>
    </ClCompile>
    <ClCompile Include="Programmers_School\1_2_체육복.cpp">
      <Filter>소스 파일</Filter>
    </ClCompile>
    <ClCompile Include="Programmers_School\1_3_가장큰수.cpp">
      <Filter>소스 파일</Filter>
    </ClCompile>
    <ClCompile Include="Programmers_School\1_4_큰수만들기.cpp">
      <Filter>소스 파일</Filter>
    </ClCompile>
    <ClCompile Include="Programmers_School\M1_고객센터.cpp">
      <Filter>소스 파일</Filter>
    </ClCompile>
    <ClCompile Include="Programmers_School\M2_세미나티셔츠.cpp">
      <Filter>소스 파일</Filter>
    </ClCompile>
  </ItemGroup>
</Project>